
Microsoft Visual Studio Solution File, Format Version 12.00
# Visual Studio Version 17
VisualStudioVersion = 17.1.32228.430
MinimumVisualStudioVersion = 10.0.40219.1
Project("{FAE04EC0-301F-11D3-BF4B-00C04F79EFBC}") = "lab3", "lab3\lab3.csproj", "{C5DFFA4A-D1C2-4358-923B-59F02B101990}"
EndProject
Global
	GlobalSection(SolutionConfigurationPlatforms) = preSolution
		Debug|Any CPU = Debug|Any CPU
		Release|Any CPU = Release|Any CPU
	EndGlobalSection
	GlobalSection(ProjectConfigurationPlatforms) = postSolution
		{C5DFFA4A-D1C2-4358-923B-59F02B101990}.Debug|Any CPU.ActiveCfg = Debug|Any CPU
		{C5DFFA4A-D1C2-4358-923B-59F02B101990}.Debug|Any CPU.Build.0 = Debug|Any CPU
		{C5DFFA4A-D1C2-4358-923B-59F02B101990}.Release|Any CPU.ActiveCfg = Release|Any CPU
		{C5DFFA4A-D1C2-4358-923B-59F02B101990}.Release|Any CPU.Build.0 = Release|Any CPU
	EndGlobalSection
	GlobalSection(SolutionProperties) = preSolution
		HideSolutionNode = FALSE
	EndGlobalSection
	GlobalSection(ExtensibilityGlobals) = postSolution
		SolutionGuid = {45AFA3D0-D084-4E9B-B84F-8AD12C024E28}
	EndGlobalSection
EndGlobal
