
Microsoft Visual Studio Solution File, Format Version 12.00
# Visual Studio Version 17
VisualStudioVersion = 17.3.32505.426
MinimumVisualStudioVersion = 10.0.40219.1
Project("{8BC9CEB8-8B4A-11D0-8D11-00A0C91BC942}") = "SerVer", "SerVer.vcxproj", "{17AE3C25-AFDE-48D7-B777-2F9B3FE9148D}"
EndProject
Global
	GlobalSection(SolutionConfigurationPlatforms) = preSolution
		Debug|x64 = Debug|x64
		Debug|x86 = Debug|x86
		Release|x64 = Release|x64
		Release|x86 = Release|x86
	EndGlobalSection
	GlobalSection(ProjectConfigurationPlatforms) = postSolution
		{17AE3C25-AFDE-48D7-B777-2F9B3FE9148D}.Debug|x64.ActiveCfg = Debug|x64
		{17AE3C25-AFDE-48D7-B777-2F9B3FE9148D}.Debug|x64.Build.0 = Debug|x64
		{17AE3C25-AFDE-48D7-B777-2F9B3FE9148D}.Debug|x86.ActiveCfg = Debug|Win32
		{17AE3C25-AFDE-48D7-B777-2F9B3FE9148D}.Debug|x86.Build.0 = Debug|Win32
		{17AE3C25-AFDE-48D7-B777-2F9B3FE9148D}.Release|x64.ActiveCfg = Release|x64
		{17AE3C25-AFDE-48D7-B777-2F9B3FE9148D}.Release|x64.Build.0 = Release|x64
		{17AE3C25-AFDE-48D7-B777-2F9B3FE9148D}.Release|x86.ActiveCfg = Release|Win32
		{17AE3C25-AFDE-48D7-B777-2F9B3FE9148D}.Release|x86.Build.0 = Release|Win32
	EndGlobalSection
	GlobalSection(SolutionProperties) = preSolution
		HideSolutionNode = FALSE
	EndGlobalSection
	GlobalSection(ExtensibilityGlobals) = postSolution
		SolutionGuid = {EF8C3998-1AFC-4977-AEC7-36D2511E9458}
	EndGlobalSection
EndGlobal
